
Microsoft Visual Studio Solution File, Format Version 12.00
# Visual Studio Version 17
VisualStudioVersion = 17.9.34714.143
MinimumVisualStudioVersion = 10.0.40219.1
Project("{FAE04EC0-301F-11D3-BF4B-00C04F79EFBC}") = "MyFriendGreeter", "MyFriendGreeter\MyFriendGreeter.csproj", "{785086EA-B504-44B2-A97B-3429942B954B}"
EndProject
Project("{2150E333-8FDC-42A3-9474-1A3956D46DE8}") = "Solution Items", "Solution Items", "{BA8B8918-BD4F-407A-9FEA-17D79CD0DC27}"
	ProjectSection(SolutionItems) = preProject
		README.md = README.md
	EndProjectSection
EndProject
Project("{FAE04EC0-301F-11D3-BF4B-00C04F79EFBC}") = "Core.Logging", "..\Core.Logging\Core.Logging\Core.Logging.csproj", "{0D198925-B01C-4DDE-A062-ED7D7BFD0FAA}"
EndProject
Project("{FAE04EC0-301F-11D3-BF4B-00C04F79EFBC}") = "Core.Logging.Constants", "..\Core.Logging\Core.Logging.Constants\Core.Logging.Constants.csproj", "{E8D0AF54-D988-44D8-8B33-5C034F188014}"
EndProject
Project("{FAE04EC0-301F-11D3-BF4B-00C04F79EFBC}") = "Core.Logging.Events", "..\Core.Logging\Core.Logging.Events\Core.Logging.Events.csproj", "{3D09E304-2AFC-4B9D-8BF5-A0DF7991B1DA}"
EndProject
Project("{FAE04EC0-301F-11D3-BF4B-00C04F79EFBC}") = "Core.Assemblies.Info", "..\Core.Assemblies.Info\Core.Assemblies.Info\Core.Assemblies.Info.csproj", "{69827DE2-40A0-4471-BBA8-E2211C7D5ED7}"
EndProject
Global
	GlobalSection(SolutionConfigurationPlatforms) = preSolution
		Debug|Any CPU = Debug|Any CPU
		Release|Any CPU = Release|Any CPU
	EndGlobalSection
	GlobalSection(ProjectConfigurationPlatforms) = postSolution
		{785086EA-B504-44B2-A97B-3429942B954B}.Debug|Any CPU.ActiveCfg = Debug|Any CPU
		{785086EA-B504-44B2-A97B-3429942B954B}.Debug|Any CPU.Build.0 = Debug|Any CPU
		{785086EA-B504-44B2-A97B-3429942B954B}.Release|Any CPU.ActiveCfg = Release|Any CPU
		{785086EA-B504-44B2-A97B-3429942B954B}.Release|Any CPU.Build.0 = Release|Any CPU
		{0D198925-B01C-4DDE-A062-ED7D7BFD0FAA}.Debug|Any CPU.ActiveCfg = Debug|Any CPU
		{0D198925-B01C-4DDE-A062-ED7D7BFD0FAA}.Debug|Any CPU.Build.0 = Debug|Any CPU
		{0D198925-B01C-4DDE-A062-ED7D7BFD0FAA}.Release|Any CPU.ActiveCfg = Release|Any CPU
		{0D198925-B01C-4DDE-A062-ED7D7BFD0FAA}.Release|Any CPU.Build.0 = Release|Any CPU
		{E8D0AF54-D988-44D8-8B33-5C034F188014}.Debug|Any CPU.ActiveCfg = Debug|Any CPU
		{E8D0AF54-D988-44D8-8B33-5C034F188014}.Debug|Any CPU.Build.0 = Debug|Any CPU
		{E8D0AF54-D988-44D8-8B33-5C034F188014}.Release|Any CPU.ActiveCfg = Release|Any CPU
		{E8D0AF54-D988-44D8-8B33-5C034F188014}.Release|Any CPU.Build.0 = Release|Any CPU
		{3D09E304-2AFC-4B9D-8BF5-A0DF7991B1DA}.Debug|Any CPU.ActiveCfg = Debug|Any CPU
		{3D09E304-2AFC-4B9D-8BF5-A0DF7991B1DA}.Debug|Any CPU.Build.0 = Debug|Any CPU
		{3D09E304-2AFC-4B9D-8BF5-A0DF7991B1DA}.Release|Any CPU.ActiveCfg = Release|Any CPU
		{3D09E304-2AFC-4B9D-8BF5-A0DF7991B1DA}.Release|Any CPU.Build.0 = Release|Any CPU
		{69827DE2-40A0-4471-BBA8-E2211C7D5ED7}.Debug|Any CPU.ActiveCfg = Debug|Any CPU
		{69827DE2-40A0-4471-BBA8-E2211C7D5ED7}.Debug|Any CPU.Build.0 = Debug|Any CPU
		{69827DE2-40A0-4471-BBA8-E2211C7D5ED7}.Release|Any CPU.ActiveCfg = Release|Any CPU
		{69827DE2-40A0-4471-BBA8-E2211C7D5ED7}.Release|Any CPU.Build.0 = Release|Any CPU
	EndGlobalSection
	GlobalSection(SolutionProperties) = preSolution
		HideSolutionNode = FALSE
	EndGlobalSection
	GlobalSection(ExtensibilityGlobals) = postSolution
		SolutionGuid = {E532F303-CF22-41E9-B8A7-1589C9842DA6}
	EndGlobalSection
EndGlobal
